Microsoft Visual Studio Solution File, Format Version 9.00
# Visual C++ Express 2005
Project("{8BC9CEB8-8B4A-11D0-8D11-00A0C91BC942}") = "gLinear", "gLinear8.vcproj", "{A65D91E3-7793-458B-B519-4501B9B87A80}"
EndProject
Project("{8BC9CEB8-8B4A-11D0-8D11-00A0C91BC942}") = "testnew", "testnew8.vcproj", "{9EE4D73B-5EFA-465F-A8BC-0E82425C7F36}"
	ProjectSection(ProjectDependencies) = postProject
		{A72D7C0E-FC31-404A-A918-79C941954ADB} = {A72D7C0E-FC31-404A-A918-79C941954ADB}
		{E508AD4A-364A-47E1-9DA3-54D3D11999F4} = {E508AD4A-364A-47E1-9DA3-54D3D11999F4}
		{ACDE95D9-F3E0-421C-9EAC-9BD30461AF70} = {ACDE95D9-F3E0-421C-9EAC-9BD30461AF70}
		{A65D91E3-7793-458B-B519-4501B9B87A80} = {A65D91E3-7793-458B-B519-4501B9B87A80}
		{84A792E6-307A-497A-875E-0E130B4AB60B} = {84A792E6-307A-497A-875E-0E130B4AB60B}
	EndProjectSection
EndProject
Project("{8BC9CEB8-8B4A-11D0-8D11-00A0C91BC942}") = "clapack", "..\..\CLAPACK\clapack8.vcproj", "{E508AD4A-364A-47E1-9DA3-54D3D11999F4}"
EndProject
Project("{8BC9CEB8-8B4A-11D0-8D11-00A0C91BC942}") = "blas", "..\..\CLAPACK\BLAS\blas8.vcproj", "{ACDE95D9-F3E0-421C-9EAC-9BD30461AF70}"
EndProject
Project("{8BC9CEB8-8B4A-11D0-8D11-00A0C91BC942}") = "libF77", "..\..\CLAPACK\F2CLIBS\libF778.vcproj", "{84A792E6-307A-497A-875E-0E130B4AB60B}"
EndProject
Project("{8BC9CEB8-8B4A-11D0-8D11-00A0C91BC942}") = "libI77", "..\..\CLAPACK\F2CLIBS\libI778.vcproj", "{A72D7C0E-FC31-404A-A918-79C941954ADB}"
EndProject
Global
	GlobalSection(SolutionConfigurationPlatforms) = preSolution
		Debug|Win32 = Debug|Win32
		Release|Win32 = Release|Win32
	EndGlobalSection
	GlobalSection(ProjectConfigurationPlatforms) = postSolution
		{A65D91E3-7793-458B-B519-4501B9B87A80}.Debug|Win32.ActiveCfg = Debug|Win32
		{A65D91E3-7793-458B-B519-4501B9B87A80}.Debug|Win32.Build.0 = Debug|Win32
		{A65D91E3-7793-458B-B519-4501B9B87A80}.Release|Win32.ActiveCfg = Release|Win32
		{A65D91E3-7793-458B-B519-4501B9B87A80}.Release|Win32.Build.0 = Release|Win32
		{9EE4D73B-5EFA-465F-A8BC-0E82425C7F36}.Debug|Win32.ActiveCfg = Debug|Win32
		{9EE4D73B-5EFA-465F-A8BC-0E82425C7F36}.Debug|Win32.Build.0 = Debug|Win32
		{9EE4D73B-5EFA-465F-A8BC-0E82425C7F36}.Release|Win32.ActiveCfg = Release|Win32
		{9EE4D73B-5EFA-465F-A8BC-0E82425C7F36}.Release|Win32.Build.0 = Release|Win32
		{E508AD4A-364A-47E1-9DA3-54D3D11999F4}.Debug|Win32.ActiveCfg = Debug|Win32
		{E508AD4A-364A-47E1-9DA3-54D3D11999F4}.Debug|Win32.Build.0 = Debug|Win32
		{E508AD4A-364A-47E1-9DA3-54D3D11999F4}.Release|Win32.ActiveCfg = Release|Win32
		{E508AD4A-364A-47E1-9DA3-54D3D11999F4}.Release|Win32.Build.0 = Release|Win32
		{ACDE95D9-F3E0-421C-9EAC-9BD30461AF70}.Debug|Win32.ActiveCfg = Debug|Win32
		{ACDE95D9-F3E0-421C-9EAC-9BD30461AF70}.Debug|Win32.Build.0 = Debug|Win32
		{ACDE95D9-F3E0-421C-9EAC-9BD30461AF70}.Release|Win32.ActiveCfg = Release|Win32
		{ACDE95D9-F3E0-421C-9EAC-9BD30461AF70}.Release|Win32.Build.0 = Release|Win32
		{84A792E6-307A-497A-875E-0E130B4AB60B}.Debug|Win32.ActiveCfg = Debug|Win32
		{84A792E6-307A-497A-875E-0E130B4AB60B}.Debug|Win32.Build.0 = Debug|Win32
		{84A792E6-307A-497A-875E-0E130B4AB60B}.Release|Win32.ActiveCfg = Release|Win32
		{84A792E6-307A-497A-875E-0E130B4AB60B}.Release|Win32.Build.0 = Release|Win32
		{A72D7C0E-FC31-404A-A918-79C941954ADB}.Debug|Win32.ActiveCfg = Debug|Win32
		{A72D7C0E-FC31-404A-A918-79C941954ADB}.Debug|Win32.Build.0 = Debug|Win32
		{A72D7C0E-FC31-404A-A918-79C941954ADB}.Release|Win32.ActiveCfg = Release|Win32
		{A72D7C0E-FC31-404A-A918-79C941954ADB}.Release|Win32.Build.0 = Release|Win32
	EndGlobalSection
	GlobalSection(SolutionProperties) = preSolution
		HideSolutionNode = FALSE
	EndGlobalSection
EndGlobal
